
Microsoft Visual Studio Solution File, Format Version 12.00
# Visual Studio Version 16
VisualStudioVersion = 16.0.31025.194
MinimumVisualStudioVersion = 10.0.40219.1
Project("{2150E333-8FDC-42A3-9474-1A3956D46DE8}") = "InterestTax", "InterestTax", "{8228FCFB-92FA-40BD-B73F-7D51A22E0BC9}"
EndProject
Project("{2150E333-8FDC-42A3-9474-1A3956D46DE8}") = "API", "API", "{E39597FC-9A95-40A1-8832-57BC46539079}"
EndProject
Project("{9A19103F-16F7-4668-BE54-9A1E7A4F7556}") = "SoftPlanChallenge.InterestTax.API", "InterestTax\src\SoftPlanChallenge.InterestTax.API\SoftPlanChallenge.InterestTax.API.csproj", "{688B0CFA-17DB-4D58-AEBF-45CD27BB8353}"
EndProject
Project("{2150E333-8FDC-42A3-9474-1A3956D46DE8}") = "Shared", "Shared", "{4934D914-2005-4446-BBAF-3FF43DC6649D}"
EndProject
Project("{2150E333-8FDC-42A3-9474-1A3956D46DE8}") = "CalculateInterest", "CalculateInterest", "{C2659891-18BE-4CD0-B051-2E318E2AF85F}"
EndProject
Project("{9A19103F-16F7-4668-BE54-9A1E7A4F7556}") = "SoftPlanChallenge.CalculateInterest.API", "CalculateInterest\src\SoftPlanChallenge.CalculateInterest.API\SoftPlanChallenge.CalculateInterest.API.csproj", "{CAA6459F-F85D-47E1-9C1E-A6554A3B8FE0}"
EndProject
Project("{2150E333-8FDC-42A3-9474-1A3956D46DE8}") = "Infra", "Infra", "{B3F9C866-6BFE-4C44-9E72-A75A721AAF41}"
EndProject
Project("{2150E333-8FDC-42A3-9474-1A3956D46DE8}") = "Data", "Data", "{27AF97A0-6ACB-4D46-B993-34FC29312DB6}"
EndProject
Project("{2150E333-8FDC-42A3-9474-1A3956D46DE8}") = "API", "API", "{13F18F06-DBC1-46D7-81BE-CF37AF2B27D1}"
EndProject
Project("{2150E333-8FDC-42A3-9474-1A3956D46DE8}") = "Domain", "Domain", "{61662660-00F7-402B-A1EA-26EF9C7B666A}"
EndProject
Project("{9A19103F-16F7-4668-BE54-9A1E7A4F7556}") = "SoftPlanChallenge.CalculateInterest.Domain", "CalculateInterest\src\SoftPlanChallenge.CalculateInterest.Domain\SoftPlanChallenge.CalculateInterest.Domain.csproj", "{4FEB8A4F-36C8-4F5B-AB68-660D55B34A49}"
EndProject
Project("{9A19103F-16F7-4668-BE54-9A1E7A4F7556}") = "SoftPlanChallenge.InterestTax.Infra.Data", "InterestTax\src\SoftPlanChallenge.InterestTax.Infra.Data\SoftPlanChallenge.InterestTax.Infra.Data.csproj", "{AE4B8B34-FDE1-4FCE-8DE7-EA4ADC9B99D7}"
EndProject
Project("{9A19103F-16F7-4668-BE54-9A1E7A4F7556}") = "SoftPlanChallenge.Core", "Shared\SoftPlanChallenge.Core\SoftPlanChallenge.Core.csproj", "{8FA9AB32-E8AB-4726-A6A6-47D8D9D7962E}"
EndProject
Project("{2150E333-8FDC-42A3-9474-1A3956D46DE8}") = "src", "src", "{C7F1E26C-C03A-48A3-803F-40B1E2E66F4B}"
EndProject
Project("{2150E333-8FDC-42A3-9474-1A3956D46DE8}") = "src", "src", "{8086D91C-A4F8-486D-8FD4-14FAADA0D9A6}"
EndProject
Project("{2150E333-8FDC-42A3-9474-1A3956D46DE8}") = "test", "test", "{8F05B42A-0A8A-42A8-A766-75A8B1D1FCBD}"
EndProject
Project("{2150E333-8FDC-42A3-9474-1A3956D46DE8}") = "test", "test", "{F627F381-C25F-4D1E-9A51-3FED00E1D991}"
EndProject
Project("{9A19103F-16F7-4668-BE54-9A1E7A4F7556}") = "SoftPlanChallenge.InterestTax.Tests", "InterestTax\test\SoftPlanChallenge.InterestTax.Tests\SoftPlanChallenge.InterestTax.Tests.csproj", "{055BD25E-90E8-4AEE-92D6-47215AD739A8}"
EndProject
Project("{9A19103F-16F7-4668-BE54-9A1E7A4F7556}") = "SoftPlanChallenge.CalculateInterest.Tests", "CalculateInterest\test\SoftPlanChallenge.CalculateInterest.Tests\SoftPlanChallenge.CalculateInterest.Tests.csproj", "{5300523A-5199-4DFA-B7C2-E626988996E7}"
EndProject
Project("{2150E333-8FDC-42A3-9474-1A3956D46DE8}") = "src", "src", "{53766F2D-A15A-41E8-86A7-7F367AC961E7}"
EndProject
Project("{2150E333-8FDC-42A3-9474-1A3956D46DE8}") = "test", "test", "{287F456E-C0FA-4A49-9FAB-7ADD6D905537}"
EndProject
Project("{9A19103F-16F7-4668-BE54-9A1E7A4F7556}") = "SoftPlanChallenge.Core.Tests", "Shared\SoftPlanChallenge.Core.Tests\SoftPlanChallenge.Core.Tests.csproj", "{BAE955FE-B866-4CD9-8518-F2C4C40A5666}"
EndProject
Global
	GlobalSection(SolutionConfigurationPlatforms) = preSolution
		Debug|Any CPU = Debug|Any CPU
		Release|Any CPU = Release|Any CPU
	EndGlobalSection
	GlobalSection(ProjectConfigurationPlatforms) = postSolution
		{688B0CFA-17DB-4D58-AEBF-45CD27BB8353}.Debug|Any CPU.ActiveCfg = Debug|Any CPU
		{688B0CFA-17DB-4D58-AEBF-45CD27BB8353}.Debug|Any CPU.Build.0 = Debug|Any CPU
		{688B0CFA-17DB-4D58-AEBF-45CD27BB8353}.Release|Any CPU.ActiveCfg = Release|Any CPU
		{688B0CFA-17DB-4D58-AEBF-45CD27BB8353}.Release|Any CPU.Build.0 = Release|Any CPU
		{CAA6459F-F85D-47E1-9C1E-A6554A3B8FE0}.Debug|Any CPU.ActiveCfg = Debug|Any CPU
		{CAA6459F-F85D-47E1-9C1E-A6554A3B8FE0}.Debug|Any CPU.Build.0 = Debug|Any CPU
		{CAA6459F-F85D-47E1-9C1E-A6554A3B8FE0}.Release|Any CPU.ActiveCfg = Release|Any CPU
		{CAA6459F-F85D-47E1-9C1E-A6554A3B8FE0}.Release|Any CPU.Build.0 = Release|Any CPU
		{4FEB8A4F-36C8-4F5B-AB68-660D55B34A49}.Debug|Any CPU.ActiveCfg = Debug|Any CPU
		{4FEB8A4F-36C8-4F5B-AB68-660D55B34A49}.Debug|Any CPU.Build.0 = Debug|Any CPU
		{4FEB8A4F-36C8-4F5B-AB68-660D55B34A49}.Release|Any CPU.ActiveCfg = Release|Any CPU
		{4FEB8A4F-36C8-4F5B-AB68-660D55B34A49}.Release|Any CPU.Build.0 = Release|Any CPU
		{AE4B8B34-FDE1-4FCE-8DE7-EA4ADC9B99D7}.Debug|Any CPU.ActiveCfg = Debug|Any CPU
		{AE4B8B34-FDE1-4FCE-8DE7-EA4ADC9B99D7}.Debug|Any CPU.Build.0 = Debug|Any CPU
		{AE4B8B34-FDE1-4FCE-8DE7-EA4ADC9B99D7}.Release|Any CPU.ActiveCfg = Release|Any CPU
		{AE4B8B34-FDE1-4FCE-8DE7-EA4ADC9B99D7}.Release|Any CPU.Build.0 = Release|Any CPU
		{8FA9AB32-E8AB-4726-A6A6-47D8D9D7962E}.Debug|Any CPU.ActiveCfg = Debug|Any CPU
		{8FA9AB32-E8AB-4726-A6A6-47D8D9D7962E}.Debug|Any CPU.Build.0 = Debug|Any CPU
		{8FA9AB32-E8AB-4726-A6A6-47D8D9D7962E}.Release|Any CPU.ActiveCfg = Release|Any CPU
		{8FA9AB32-E8AB-4726-A6A6-47D8D9D7962E}.Release|Any CPU.Build.0 = Release|Any CPU
		{055BD25E-90E8-4AEE-92D6-47215AD739A8}.Debug|Any CPU.ActiveCfg = Debug|Any CPU
		{055BD25E-90E8-4AEE-92D6-47215AD739A8}.Debug|Any CPU.Build.0 = Debug|Any CPU
		{055BD25E-90E8-4AEE-92D6-47215AD739A8}.Release|Any CPU.ActiveCfg = Release|Any CPU
		{055BD25E-90E8-4AEE-92D6-47215AD739A8}.Release|Any CPU.Build.0 = Release|Any CPU
		{5300523A-5199-4DFA-B7C2-E626988996E7}.Debug|Any CPU.ActiveCfg = Debug|Any CPU
		{5300523A-5199-4DFA-B7C2-E626988996E7}.Debug|Any CPU.Build.0 = Debug|Any CPU
		{5300523A-5199-4DFA-B7C2-E626988996E7}.Release|Any CPU.ActiveCfg = Release|Any CPU
		{5300523A-5199-4DFA-B7C2-E626988996E7}.Release|Any CPU.Build.0 = Release|Any CPU
		{BAE955FE-B866-4CD9-8518-F2C4C40A5666}.Debug|Any CPU.ActiveCfg = Debug|Any CPU
		{BAE955FE-B866-4CD9-8518-F2C4C40A5666}.Debug|Any CPU.Build.0 = Debug|Any CPU
		{BAE955FE-B866-4CD9-8518-F2C4C40A5666}.Release|Any CPU.ActiveCfg = Release|Any CPU
		{BAE955FE-B866-4CD9-8518-F2C4C40A5666}.Release|Any CPU.Build.0 = Release|Any CPU
	EndGlobalSection
	GlobalSection(SolutionProperties) = preSolution
		HideSolutionNode = FALSE
	EndGlobalSection
	GlobalSection(NestedProjects) = preSolution
		{E39597FC-9A95-40A1-8832-57BC46539079} = {8086D91C-A4F8-486D-8FD4-14FAADA0D9A6}
		{688B0CFA-17DB-4D58-AEBF-45CD27BB8353} = {E39597FC-9A95-40A1-8832-57BC46539079}
		{CAA6459F-F85D-47E1-9C1E-A6554A3B8FE0} = {13F18F06-DBC1-46D7-81BE-CF37AF2B27D1}
		{B3F9C866-6BFE-4C44-9E72-A75A721AAF41} = {8086D91C-A4F8-486D-8FD4-14FAADA0D9A6}
		{27AF97A0-6ACB-4D46-B993-34FC29312DB6} = {B3F9C866-6BFE-4C44-9E72-A75A721AAF41}
		{13F18F06-DBC1-46D7-81BE-CF37AF2B27D1} = {C7F1E26C-C03A-48A3-803F-40B1E2E66F4B}
		{61662660-00F7-402B-A1EA-26EF9C7B666A} = {C7F1E26C-C03A-48A3-803F-40B1E2E66F4B}
		{4FEB8A4F-36C8-4F5B-AB68-660D55B34A49} = {61662660-00F7-402B-A1EA-26EF9C7B666A}
		{AE4B8B34-FDE1-4FCE-8DE7-EA4ADC9B99D7} = {27AF97A0-6ACB-4D46-B993-34FC29312DB6}
		{8FA9AB32-E8AB-4726-A6A6-47D8D9D7962E} = {53766F2D-A15A-41E8-86A7-7F367AC961E7}
		{C7F1E26C-C03A-48A3-803F-40B1E2E66F4B} = {C2659891-18BE-4CD0-B051-2E318E2AF85F}
		{8086D91C-A4F8-486D-8FD4-14FAADA0D9A6} = {8228FCFB-92FA-40BD-B73F-7D51A22E0BC9}
		{8F05B42A-0A8A-42A8-A766-75A8B1D1FCBD} = {C2659891-18BE-4CD0-B051-2E318E2AF85F}
		{F627F381-C25F-4D1E-9A51-3FED00E1D991} = {8228FCFB-92FA-40BD-B73F-7D51A22E0BC9}
		{055BD25E-90E8-4AEE-92D6-47215AD739A8} = {F627F381-C25F-4D1E-9A51-3FED00E1D991}
		{5300523A-5199-4DFA-B7C2-E626988996E7} = {8F05B42A-0A8A-42A8-A766-75A8B1D1FCBD}
		{53766F2D-A15A-41E8-86A7-7F367AC961E7} = {4934D914-2005-4446-BBAF-3FF43DC6649D}
		{287F456E-C0FA-4A49-9FAB-7ADD6D905537} = {4934D914-2005-4446-BBAF-3FF43DC6649D}
		{BAE955FE-B866-4CD9-8518-F2C4C40A5666} = {287F456E-C0FA-4A49-9FAB-7ADD6D905537}
	EndGlobalSection
	GlobalSection(ExtensibilityGlobals) = postSolution
		SolutionGuid = {7C738EC2-F04D-41E0-93C6-B383D700125D}
	EndGlobalSection
EndGlobal
